PODS:
  - LPThumbnailView (1.0.0)

DEPENDENCIES:
  - LPThumbnailView (from `~/Programming/iOS/LPThumbnailView`)

EXTERNAL SOURCES:
  LPThumbnailView:
    :path: ~/Programming/iOS/LPThumbnailView

SPEC CHECKSUMS:
  LPThumbnailView: ea7308fb6082a12bc934dfb5a13fb968adc155cc

PODFILE CHECKSUM: e82b91f6a0fec9e3d6527c82f578aaa766de5cef

COCOAPODS: 1.4.0.beta.2
